<?xml version="1.0" encoding="utf-8"?>
<Project ToolsVersion="4.0" xmlns="http://schemas.microsoft.com/developer/msbuild/2003">
  <ItemGroup>
    <ClCompile Include="main.cpp" />
    <ClCompile Include="..\common\SDLWindowBase.cpp">
      <Filter>common</Filter>
    </ClCompile>
    <ClCompile Include="CvMatWindow.cpp" />
  </ItemGroup>
  <ItemGroup>
    <ClInclude Include="..\common\SDLWindowBase.h">
      <Filter>common</Filter>
    </ClInclude>
    <ClInclude Include="CvMatWindow.h" />
  </ItemGroup>
  <ItemGroup>
    <Filter Include="common">
      <UniqueIdentifier>{91980dcc-b4bb-415b-8782-c003d9bbb7b3}</UniqueIdentifier>
    </Filter>
  </ItemGroup>
</Project>