<?xml version="1.0" encoding="utf-8"?>
<Project ToolsVersion="4.0" xmlns="http://schemas.microsoft.com/developer/msbuild/2003">
  <ItemGroup>
    <Filter Include="common">
      <UniqueIdentifier>{3777f977-6c4d-40ee-9900-ded5abf12c3b}</UniqueIdentifier>
    </Filter>
  </ItemGroup>
  <ItemGroup>
    <ClCompile Include="..\common\SDLWindowBase.cpp">
      <Filter>common</Filter>
    </ClCompile>
    <ClCompile Include="main.cpp" />
    <ClCompile Include="Draw1pxWindow.cpp" />
  </ItemGroup>
  <ItemGroup>
    <ClInclude Include="..\common\SDLWindowBase.h">
      <Filter>common</Filter>
    </ClInclude>
    <ClInclude Include="Draw1pxWindow.h" />
  </ItemGroup>
</Project>